<Solution>
  <Folder Name="/Solution Items/">
    <File Path=".editorconfig" />
  </Folder>
  <Folder Name="/Source/" />
  <Folder Name="/Source/0_Aspire/">
    <Project Path="src/Hiscox.RaterApi.Aspire.AppHost/Hiscox.RaterApi.Aspire.AppHost.csproj" Id="3f937481-d2dd-4f3f-9cd0-b80c13969701" />
    <Project Path="src/Hiscox.RaterApi.Aspire.ServiceDefaults/Hiscox.RaterApi.Aspire.ServiceDefaults.csproj" />
  </Folder>
  <Folder Name="/Source/1_Domain/">
    <Project Path="src/Hiscox.RaterApi.Domain/Hiscox.RaterApi.Domain.csproj" />
  </Folder>
  <Folder Name="/Source/2_Application/">
    <Project Path="src/Hiscox.RaterApi.Application/Hiscox.RaterApi.Application.csproj" />
  </Folder>
  <Folder Name="/Source/3_Presentation/">
    <Project Path="src/Hiscox.RaterApi.Presentation.Api/Hiscox.RaterApi.Presentation.Api.csproj" />
  </Folder>
  <Folder Name="/Source/4_Infrastructure/">
    <Project Path="src/Hiscox.RaterApi.Infrastructure/Hiscox.RaterApi.Infrastructure.csproj" />
  </Folder>
  <Folder Name="/Tests/" />
  <Folder Name="/Tests/HttpTests/">
    <File Path="tests/HttpTests/EmptyCoverageTypes.http" />
    <File Path="tests/HttpTests/EmptyIndustrySector.http" />
    <File Path="tests/HttpTests/EmptyIndustrySpecialty.http" />
    <File Path="tests/HttpTests/EmptyIndustrySubSector.http" />
    <File Path="tests/HttpTests/EmptyPolicyNumber.http" />
    <File Path="tests/HttpTests/InvalidBusinessType.http" />
    <File Path="tests/HttpTests/InvalidCoverageType.http" />
    <File Path="tests/HttpTests/InvalidExposureSum.http" />
    <File Path="tests/HttpTests/InvalidIndustryClassification.http" />
    <File Path="tests/HttpTests/InvalidIndustrySector.http" />
    <File Path="tests/HttpTests/InvalidIndustrySpecialty.http" />
    <File Path="tests/HttpTests/InvalidIndustrySubSector.http" />
    <File Path="tests/HttpTests/InvalidPolicyNumber.http" />
    <File Path="tests/HttpTests/InvalidProduct.http" />
    <File Path="tests/HttpTests/MismatchSectorSubsector.http" />
    <File Path="tests/HttpTests/MismatchSubSectorSpecialty.http" />
    <File Path="tests/HttpTests/MissingCoverageTypes.http" />
    <File Path="tests/HttpTests/NullPolicyNumber.http" />
    <File Path="tests/HttpTests/PolicyNumberWithExpression.http" />
    <File Path="tests/HttpTests/PolicyNumberWithLongNumber.http" />
    <File Path="tests/HttpTests/PolicyNumberWithSpecialChars.http" />
    <File Path="tests/HttpTests/StandardSuccessful.http" />
  </Folder>
  <Folder Name="/Tests/UnitTests/" />
  <Folder Name="/Tests/UnitTests/0_Aspire/">
    <Project Path="tests/UnitTests/0_Aspire/Hiscox.RaterApi.Aspire.AppHost.Tests/Hiscox.RaterApi.Aspire.AppHost.Tests.csproj" Id="b4a42e06-d9f8-44ab-ad56-e1d3f43f8ca0" />
  </Folder>
  <Folder Name="/Tests/UnitTests/1_Domain/">
    <Project Path="tests/UnitTests/1_Domain/Hiscox.RaterApi.Domain.Tests/Hiscox.RaterApi.Domain.Tests.csproj" Id="1caa0f52-b025-428d-842b-4b7e6f10e4fd" />
  </Folder>
  <Folder Name="/Tests/UnitTests/2_Application/">
    <Project Path="tests/UnitTests/2_Application/Hiscox.RaterApi.Application.Tests/Hiscox.RaterApi.Application.Tests.csproj" Id="19c98d31-37ca-4b22-ada2-76ca15dce255" />
  </Folder>
  <Folder Name="/Tests/UnitTests/3_Presentation/">
    <Project Path="tests/UnitTests/3_Presentation/Hiscox.RaterApi.Presentation.Api.Tests/Hiscox.RaterApi.Presentation.Api.Tests.csproj" Id="ed257095-58dc-4d1d-b93b-8f91de5ad9e6" />
  </Folder>
  <Folder Name="/Tests/UnitTests/4_Infrastructure/">
    <Project Path="tests/UnitTests/4_Infrastructure/Hiscox.RaterApi.Infrastructure.Tests/Hiscox.RaterApi.Infrastructure.Tests.csproj" Id="af46b0d7-c586-4d1f-9661-46617fa21ea2" />
  </Folder>
  <Folder Name="/_misc/">
    <File Path="_misc/Notes.txt" />
    <File Path="_misc/rq.json" />
    <File Path="_misc/rs-e1.json" />
    <File Path="_misc/rs.json" />
  </Folder>
</Solution>
