<Solution>
  <Folder Name="/Solution Items/">
    <File Path=".editorconfig" />
  </Folder>
  <Folder Name="/Source/" />
  <Folder Name="/Source/0_Aspire/">
    <Project Path="src/Hiscox.RaterApiWrapper.Aspire.AppHost/Hiscox.RaterApiWrapper.Aspire.AppHost.csproj" Id="3f937481-d2dd-4f3f-9cd0-b80c13969701" />
    <Project Path="src/Hiscox.RaterApiWrapper.Aspire.ServiceDefaults/Hiscox.RaterApiWrapper.Aspire.ServiceDefaults.csproj" />
  </Folder>
  <Folder Name="/Source/1_Domain/">
    <Project Path="src/Hiscox.RaterApiWrapper.Domain/Hiscox.RaterApiWrapper.Domain.csproj" />
  </Folder>
  <Folder Name="/Source/2_Application/">
    <Project Path="src/Hiscox.RaterApiWrapper.Application/Hiscox.RaterApiWrapper.Application.csproj" />
  </Folder>
  <Folder Name="/Source/3_Presentation/">
    <Project Path="src/Hiscox.RaterApiWrapper.Presentation.Api/Hiscox.RaterApiWrapper.Presentation.Api.csproj" />
  </Folder>
  <Folder Name="/Source/4_Infrastructure/">
    <Project Path="src/Hiscox.RaterApiWrapper.Infrastructure/Hiscox.RaterApiWrapper.Infrastructure.csproj" />
  </Folder>
  <Folder Name="/Tests/" />
  <Folder Name="/Tests/HttpTests/">
    <File Path="tests/HttpTests/EmptyCoverageTypes.http" />
    <File Path="tests/HttpTests/EmptyIndustrySector.http" />
    <File Path="tests/HttpTests/EmptyIndustrySpecialty.http" />
    <File Path="tests/HttpTests/EmptyIndustrySubSector.http" />
    <File Path="tests/HttpTests/EmptyPolicyNumber.http" />
    <File Path="tests/HttpTests/InvalidBusinessType.http" />
    <File Path="tests/HttpTests/InvalidCoverageType.http" />
    <File Path="tests/HttpTests/InvalidExposureSum.http" />
    <File Path="tests/HttpTests/InvalidIndustryClassification.http" />
    <File Path="tests/HttpTests/InvalidIndustrySector.http" />
    <File Path="tests/HttpTests/InvalidIndustrySpecialty.http" />
    <File Path="tests/HttpTests/InvalidIndustrySubSector.http" />
    <File Path="tests/HttpTests/InvalidPolicyNumber.http" />
    <File Path="tests/HttpTests/InvalidProduct.http" />
    <File Path="tests/HttpTests/MismatchSectorSubsector.http" />
    <File Path="tests/HttpTests/MismatchSubSectorSpecialty.http" />
    <File Path="tests/HttpTests/MissingCoverageTypes.http" />
    <File Path="tests/HttpTests/NullPolicyNumber.http" />
    <File Path="tests/HttpTests/PolicyNumberWithExpression.http" />
    <File Path="tests/HttpTests/PolicyNumberWithLongNumber.http" />
    <File Path="tests/HttpTests/PolicyNumberWithSpecialChars.http" />
    <File Path="tests/HttpTests/StandardSuccessful.http" />
  </Folder>
  <Folder Name="/_misc/">
    <File Path="_misc/Notes.txt" />
    <File Path="_misc/rq.json" />
    <File Path="_misc/rs-e1.json" />
    <File Path="_misc/rs.json" />
  </Folder>
</Solution>
